hash: 01b385757de2cad4bd7dbcd9e512a720a5ad2b86f8e50703202d2e82d1fc9cb2
updated: 2017-05-20T09:45:29.570570684-07:00
imports:
- name: github.com/boltdb/bolt
  version: 583e8937c61f1af6513608ccc75c97b6abdf4ff9
- name: github.com/cenkalti/backoff
  version: 5d150e7eec023ce7a124856b37c68e54b4050ac7
- name: github.com/dghubble/go-twitter
  version: d7141a7cba567120d53d0a136fce068864b43f8c
  subpackages:
  - twitter
- name: github.com/dghubble/oauth1
  version: 7d51c10e15ca32917b32ce43f6e25840d6951db4
- name: github.com/dghubble/sling
  version: eb56e89ac5088bebb12eef3cb4b293300f43608b
- name: github.com/golang/protobuf
  version: 18c9bb3261723cd5401db4d0c9fbc5c3b6c70fe8
  subpackages:
  - proto
- name: github.com/google/go-querystring
  version: 53e6ce116135b80d037921a7fdd5138cf32d7a8a
  subpackages:
  - query
- name: github.com/gorilla/context
  version: 08b5f424b9271eedf6f9f0ce86cb9396ed337a42
- name: github.com/gorilla/mux
  version: 757bef944d0f21880861c2dd9c871ca543023cba
- name: github.com/gorilla/schema
  version: 1c72d033473165ade8a126ba64180d76a9212dcd
- name: github.com/nlopes/slack
  version: 5bdec13b7f814e15f59a846bcbc2f64cd71f7888
- name: github.com/purdyk/tvdb
  version: 80f06ad52285ea31a6d45bdc1f74006bcc39d905
- name: github.com/satori/go.uuid
  version: 5bf94b69c6b68ee1b541973bb8e1144db23a194b
- name: github.com/Sirupsen/logrus
  version: ba1b36c82c5e05c4f912a88eab0dcd91a171688f
- name: github.com/urfave/cli
  version: ab403a54a148f2d857920810291539e1f817ee7b
- name: github.com/zmb3/spotify
  version: 84bf5e353eaccd52f17bbbfdfd1accfc56361bb6
- name: golang.org/x/net
  version: da118f7b8e5954f39d0d2130ab35d4bf0e3cb344
  subpackages:
  - context
  - websocket
- name: golang.org/x/oauth2
  version: a6bd8cefa1811bd24b86f8902872e4e8225f74c4
  subpackages:
  - internal
- name: golang.org/x/sys
  version: 9ccfe848b9db8435a24c424abbc07a921adf1df5
  subpackages:
  - unix
- name: google.golang.org/appengine
  version: c7b8227c83007befd67b324a64c969ebc1d7475d
  subpackages:
  - internal
  - internal/base
  - internal/datastore
  - internal/log
  - internal/remote_api
  - internal/urlfetch
  - urlfetch
testImports: []
